
Microsoft Visual Studio Solution File, Format Version 12.00
# Visual Studio Version 17
VisualStudioVersion = 17.5.33530.505
MinimumVisualStudioVersion = 10.0.40219.1
Project("{FAE04EC0-301F-11D3-BF4B-00C04F79EFBC}") = "Hikeyy", "Hikeyy.csproj", "{DCD6A3F3-6F5A-4149-B892-9769EC2E7B46}"
EndProject
Global
	GlobalSection(SolutionConfigurationPlatforms) = preSolution
		Debug|Any CPU = Debug|Any CPU
		Release|Any CPU = Release|Any CPU
	EndGlobalSection
	GlobalSection(ProjectConfigurationPlatforms) = postSolution
		{DCD6A3F3-6F5A-4149-B892-9769EC2E7B46}.Debug|Any CPU.ActiveCfg = Debug|Any CPU
		{DCD6A3F3-6F5A-4149-B892-9769EC2E7B46}.Debug|Any CPU.Build.0 = Debug|Any CPU
		{DCD6A3F3-6F5A-4149-B892-9769EC2E7B46}.Release|Any CPU.ActiveCfg = Release|Any CPU
		{DCD6A3F3-6F5A-4149-B892-9769EC2E7B46}.Release|Any CPU.Build.0 = Release|Any CPU
	EndGlobalSection
	GlobalSection(SolutionProperties) = preSolution
		HideSolutionNode = FALSE
	EndGlobalSection
	GlobalSection(ExtensibilityGlobals) = postSolution
		SolutionGuid = {5ABD8FA0-75E2-492D-B064-F6CB59DD6A21}
	EndGlobalSection
EndGlobal
